# This file is automatically @generated by Cargo.
# It is not intended for manual editing.
version = 4

[[package]]
name = "git-wt"
version = "1.3.14"
dependencies = [
 "stanza",
]

[[package]]
name = "stanza"
version = "0.5.2"
source = "registry+https://github.com/rust-lang/crates.io-index"
checksum = "0b568a227f4c766db1b0e74f74a93016f7be926fb9a5770fcc6ee555b7564c23"
